
Microsoft Visual Studio Solution File, Format Version 12.00
# Visual Studio Version 17
VisualStudioVersion = 17.8.34511.84
MinimumVisualStudioVersion = 10.0.40219.1
Project("{FAE04EC0-301F-11D3-BF4B-00C04F79EFBC}") = "TelegramBot", "TelegramBot\TelegramBot.csproj", "{B2B9310E-3877-4E4F-93DA-22B03D2DAA5D}"
EndProject
Global
	GlobalSection(SolutionConfigurationPlatforms) = preSolution
		Debug|Any CPU = Debug|Any CPU
		Release|Any CPU = Release|Any CPU
	EndGlobalSection
	GlobalSection(ProjectConfigurationPlatforms) = postSolution
		{B2B9310E-3877-4E4F-93DA-22B03D2DAA5D}.Debug|Any CPU.ActiveCfg = Debug|Any CPU
		{B2B9310E-3877-4E4F-93DA-22B03D2DAA5D}.Debug|Any CPU.Build.0 = Debug|Any CPU
		{B2B9310E-3877-4E4F-93DA-22B03D2DAA5D}.Release|Any CPU.ActiveCfg = Release|Any CPU
		{B2B9310E-3877-4E4F-93DA-22B03D2DAA5D}.Release|Any CPU.Build.0 = Release|Any CPU
	EndGlobalSection
	GlobalSection(SolutionProperties) = preSolution
		HideSolutionNode = FALSE
	EndGlobalSection
	GlobalSection(ExtensibilityGlobals) = postSolution
		SolutionGuid = {35C1D993-A775-400A-8577-DD4AC0C21936}
	EndGlobalSection
EndGlobal
